{
  "originHash" : "30aa486c796f12f0e6d9433957f7f61d47c13531b0b8e13f06868c36ba9a2536",
  "pins" : [
    {
      "identity" : "swift-argument-parser",
      "kind" : "remoteSourceControl",
      "location" : "https://github.com/apple/swift-argument-parser.git",
      "state" : {
        "revision" : "cdd0ef3755280949551dc26dee5de9ddeda89f54",
        "version" : "1.6.2"
      }
    },
    {
      "identity" : "swift-driver",
      "kind" : "remoteSourceControl",
      "location" : "https://github.com/swiftlang/swift-driver",
      "state" : {
        "branch" : "main",
        "revision" : "c54107dac2e89bd31a1224a3cb7f7186ab73173d"
      }
    },
    {
      "identity" : "swift-llbuild",
      "kind" : "remoteSourceControl",
      "location" : "https://github.com/swiftlang/swift-llbuild.git",
      "state" : {
        "branch" : "main",
        "revision" : "9cd06072bc98869d6058ecf0cbb62533ca10c02f"
      }
    },
    {
      "identity" : "swift-toolchain-sqlite",
      "kind" : "remoteSourceControl",
      "location" : "https://github.com/swiftlang/swift-toolchain-sqlite",
      "state" : {
        "revision" : "b45b80b943e88db3cb8ddea798fa3fa9912375ff",
        "version" : "1.0.7"
      }
    },
    {
      "identity" : "swift-tools-support-core",
      "kind" : "remoteSourceControl",
      "location" : "https://github.com/swiftlang/swift-tools-support-core.git",
      "state" : {
        "branch" : "main",
        "revision" : "c26cd00ec0ee74769993169cfb196122ca4f62e1"
      }
    }
  ],
  "version" : 3
}
